
Microsoft Visual Studio Solution File, Format Version 12.00
# Visual Studio Version 17
VisualStudioVersion = 17.0.31903.59
MinimumVisualStudioVersion = 10.0.40219.1
Project("{FAE04EC0-301F-11D3-BF4B-00C04F79EFBC}") = "API", "API\API.csproj", "{E5145333-4A26-4828-A7A8-B48D5A357AEA}"
EndProject
Project("{FAE04EC0-301F-11D3-BF4B-00C04F79EFBC}") = "Application", "Application\Application.csproj", "{9A542C06-1152-4C2C-BE05-83AE3E3E19E7}"
EndProject
Project("{FAE04EC0-301F-11D3-BF4B-00C04F79EFBC}") = "Domain", "Domain\Domain.csproj", "{72764E66-4696-45A4-87C7-0ACB7A06B164}"
EndProject
Project("{FAE04EC0-301F-11D3-BF4B-00C04F79EFBC}") = "Persistence", "Persistence\Persistence.csproj", "{68CAEB06-194D-43EC-95BD-BF41FAFC5E0E}"
EndProject
Global
	GlobalSection(SolutionConfigurationPlatforms) = preSolution
		Debug|Any CPU = Debug|Any CPU
		Release|Any CPU = Release|Any CPU
	EndGlobalSection
	GlobalSection(SolutionProperties) = preSolution
		HideSolutionNode = FALSE
	EndGlobalSection
	GlobalSection(ProjectConfigurationPlatforms) = postSolution
		{E5145333-4A26-4828-A7A8-B48D5A357AEA}.Debug|Any CPU.ActiveCfg = Debug|Any CPU
		{E5145333-4A26-4828-A7A8-B48D5A357AEA}.Debug|Any CPU.Build.0 = Debug|Any CPU
		{E5145333-4A26-4828-A7A8-B48D5A357AEA}.Release|Any CPU.ActiveCfg = Release|Any CPU
		{E5145333-4A26-4828-A7A8-B48D5A357AEA}.Release|Any CPU.Build.0 = Release|Any CPU
		{9A542C06-1152-4C2C-BE05-83AE3E3E19E7}.Debug|Any CPU.ActiveCfg = Debug|Any CPU
		{9A542C06-1152-4C2C-BE05-83AE3E3E19E7}.Debug|Any CPU.Build.0 = Debug|Any CPU
		{9A542C06-1152-4C2C-BE05-83AE3E3E19E7}.Release|Any CPU.ActiveCfg = Release|Any CPU
		{9A542C06-1152-4C2C-BE05-83AE3E3E19E7}.Release|Any CPU.Build.0 = Release|Any CPU
		{72764E66-4696-45A4-87C7-0ACB7A06B164}.Debug|Any CPU.ActiveCfg = Debug|Any CPU
		{72764E66-4696-45A4-87C7-0ACB7A06B164}.Debug|Any CPU.Build.0 = Debug|Any CPU
		{72764E66-4696-45A4-87C7-0ACB7A06B164}.Release|Any CPU.ActiveCfg = Release|Any CPU
		{72764E66-4696-45A4-87C7-0ACB7A06B164}.Release|Any CPU.Build.0 = Release|Any CPU
		{68CAEB06-194D-43EC-95BD-BF41FAFC5E0E}.Debug|Any CPU.ActiveCfg = Debug|Any CPU
		{68CAEB06-194D-43EC-95BD-BF41FAFC5E0E}.Debug|Any CPU.Build.0 = Debug|Any CPU
		{68CAEB06-194D-43EC-95BD-BF41FAFC5E0E}.Release|Any CPU.ActiveCfg = Release|Any CPU
		{68CAEB06-194D-43EC-95BD-BF41FAFC5E0E}.Release|Any CPU.Build.0 = Release|Any CPU
	EndGlobalSection
EndGlobal
